<?xml version="1.0" encoding="utf-8"?>
<Project ToolsVersion="4.0" xmlns="http://schemas.microsoft.com/developer/msbuild/2003">
  <ItemGroup>
    <FxCompile Include="resources\shaders\object3d\Object3d.PS.hlsl" />
    <FxCompile Include="resources\shaders\object3d\Object3d.VS.hlsl" />
    <FxCompile Include="resources\shaders\particle\Particle.PS.hlsl" />
    <FxCompile Include="resources\shaders\particle\Particle.VS.hlsl" />
    <FxCompile Include="resources\shaders\primitive\Primitive.PS.hlsl" />
    <FxCompile Include="resources\shaders\primitive\Primitive.VS.hlsl" />
    <FxCompile Include="resources\shaders\sprite\Sprite.PS.hlsl" />
    <FxCompile Include="resources\shaders\sprite\Sprite.VS.hlsl" />
    <FxCompile Include="resources\shaders\skybox\Skybox.PS.hlsl" />
    <FxCompile Include="resources\shaders\skybox\Skybox.VS.hlsl" />
  </ItemGroup>
  <ItemGroup>
    <ClCompile Include="game\enemy\EnemyBase.cpp" />
    <ClCompile Include="game\enemy\RusherEnemy.cpp" />
    <ClCompile Include="engine\core\utility\Easing.cpp" />
    <ClCompile Include="engine\effects\primitive\Box.cpp" />
    <ClCompile Include="engine\debug\DebugCamera.cpp" />
    <ClCompile Include="engine\3d\Camera.cpp" />
    <ClCompile Include="engine\effects\particle\ParticleManager.cpp" />
    <ClCompile Include="engine\core\utility\Random.cpp" />
    <ClCompile Include="engine\core\debug\D3DResourceLeakChecker.cpp" />
    <ClCompile Include="engine\core\graphics\DirectXCommon.cpp" />
    <ClCompile Include="engine\math\MathUtility.cpp" />
    <ClCompile Include="engine\audio\AudioManager.cpp" />
    <ClCompile Include="externals\imgui\imgui.cpp" />
    <ClCompile Include="externals\imgui\imgui_demo.cpp" />
    <ClCompile Include="externals\imgui\imgui_draw.cpp" />
    <ClCompile Include="externals\imgui\imgui_impl_dx12.cpp" />
    <ClCompile Include="externals\imgui\imgui_impl_win32.cpp" />
    <ClCompile Include="externals\imgui\imgui_tables.cpp" />
    <ClCompile Include="externals\imgui\imgui_widgets.cpp" />
    <ClCompile Include="engine\input\Input.cpp" />
    <ClCompile Include="engine\core\debug\Logger.cpp" />
    <ClCompile Include="engine\core\timing\TimeManager.cpp" />
    <ClCompile Include="engine\debug\ImGuiManager.cpp" />
    <ClCompile Include="engine\framework\scene\GameSceneFactory.cpp" />
    <ClCompile Include="game\core\GameManager.cpp" />
    <ClCompile Include="engine\framework\GameFramework.cpp" />
    <ClCompile Include="game\scenes\GamePlayScene.cpp" />
    <ClCompile Include="engine\framework\scene\IScene.cpp" />
    <ClCompile Include="engine\framework\scene\ISceneFactory.cpp" />
    <ClCompile Include="engine\3d\LightManager.cpp" />
    <ClCompile Include="main.cpp" />
    <ClCompile Include="engine\core\platform\WinApp.cpp" />
    <ClCompile Include="engine\core\utility\StringUtility.cpp" />
    <ClCompile Include="engine\2d\SpriteRenderer.cpp" />
    <ClCompile Include="engine\2d\Sprite.cpp" />
    <ClCompile Include="engine\graphics\TextureManager.cpp" />
    <ClCompile Include="engine\3d\Object3dRenderer.cpp" />
    <ClCompile Include="engine\3d\Object3d.cpp" />
    <ClCompile Include="engine\3d\WorldTransform.cpp" />
    <ClCompile Include="engine\3d\Model.cpp" />
    <ClCompile Include="engine\3d\ModelCommon.cpp" />
    <ClCompile Include="engine\graphics\ModelManager.cpp" />
    <ClCompile Include="engine\graphics\ShaderResourceViewManager.cpp" />
    <ClCompile Include="engine\effects\particle\ParticleEmitter.cpp" />
    <ClCompile Include="game\scenes\TitleScene.cpp" />
    <ClCompile Include="engine\framework\scene\SceneManager.cpp" />
    <ClCompile Include="engine\3d\Skybox.cpp" />
    <ClCompile Include="engine\3d\SkyboxRenderer.cpp" />
    <ClCompile Include="engine\effects\primitive\Plane.cpp" />
    <ClCompile Include="engine\effects\primitive\Primitive.cpp" />
    <ClCompile Include="engine\effects\primitive\PrimitiveRenderer.cpp" />
    <ClCompile Include="game\player\Player.cpp" />
    <ClCompile Include="game\player\Reticle.cpp" />
    <ClCompile Include="game\player\PlayerBullet.cpp" />
    <ClCompile Include="game\player\PlayerBulletPool.cpp" />
    <ClCompile Include="game\camera\RailCameraController.cpp" />
    <ClCompile Include="game\camera\RailPath.cpp" />
    <ClCompile Include="game\camera\RailPathEditor.cpp" />
    <ClCompile Include="engine\json\JsonLoader.cpp" />
  </ItemGroup>
  <ItemGroup>
    <ClInclude Include="game\enemy\EnemyBase.h" />
    <ClInclude Include="game\enemy\RusherEnemy.h" />
    <ClInclude Include="engine\core\utility\Easing.h" />
    <ClInclude Include="engine\effects\primitive\Box.h" />
    <ClInclude Include="engine\debug\DebugCamera.h" />
    <ClInclude Include="engine\3d\Camera.h" />
    <ClInclude Include="engine\core\graphics\Transform.h" />
    <ClInclude Include="engine\core\utility\Random.h" />
    <ClInclude Include="engine\core\debug\D3DResourceLeakChecker.h" />
    <ClInclude Include="engine\core\graphics\DirectXCommon.h" />
    <ClInclude Include="engine\3d\LightingType.h" />
    <ClInclude Include="engine\math\Matrix4x4.h" />
    <ClInclude Include="engine\math\Vector2.h" />
    <ClInclude Include="engine\math\Vector3.h" />
    <ClInclude Include="engine\math\MathUtility.h" />
    <ClInclude Include="engine\math\Vector4.h" />
    <ClInclude Include="engine\audio\AudioManager.h" />
    <ClInclude Include="externals\imgui\imconfig.h" />
    <ClInclude Include="externals\imgui\imgui.h" />
    <ClInclude Include="externals\imgui\imgui_impl_dx12.h" />
    <ClInclude Include="externals\imgui\imgui_impl_win32.h" />
    <ClInclude Include="externals\imgui\imgui_internal.h" />
    <ClInclude Include="externals\imgui\imstb_rectpack.h" />
    <ClInclude Include="externals\imgui\imstb_textedit.h" />
    <ClInclude Include="externals\imgui\imstb_truetype.h" />
    <ClInclude Include="engine\input\Input.h" />
    <ClInclude Include="engine\core\platform\WinApp.h" />
    <ClInclude Include="engine\core\debug\Logger.h" />
    <ClInclude Include="engine\core\utility\StringUtility.h" />
    <ClInclude Include="engine\core\timing\TimeManager.h" />
    <ClInclude Include="engine\2d\SpriteRenderer.h" />
    <ClInclude Include="engine\2d\Sprite.h" />
    <ClInclude Include="engine\graphics\TextureManager.h" />
    <ClInclude Include="engine\3d\Object3dRenderer.h" />
    <ClInclude Include="engine\3d\Object3d.h" />
    <ClInclude Include="engine\3d\WorldTransform.h" />
    <ClInclude Include="engine\3d\Model.h" />
    <ClInclude Include="engine\3d\ModelCommon.h" />
    <ClInclude Include="engine\graphics\ModelManager.h" />
    <ClInclude Include="engine\graphics\ShaderResourceViewManager.h" />
    <ClInclude Include="engine\debug\ImGuiManager.h" />
    <ClInclude Include="engine\effects\particle\ParticleManager.h" />
    <ClInclude Include="engine\effects\particle\ParticleEmitter.h" />
    <ClInclude Include="engine\framework\scene\GameSceneFactory.h" />
    <ClInclude Include="game\core\GameManager.h" />
    <ClInclude Include="engine\framework\GameFramework.h" />
    <ClInclude Include="game\scenes\GamePlayScene.h" />
    <ClInclude Include="game\scenes\TitleScene.h" />
    <ClInclude Include="engine\framework\scene\IScene.h" />
    <ClInclude Include="engine\framework\scene\SceneManager.h" />
    <ClInclude Include="engine\framework\scene\ISceneFactory.h" />
    <ClInclude Include="engine\core\MyEngine.h" />
    <ClInclude Include="engine\3d\LightManager.h" />
    <ClInclude Include="engine\3d\Skybox.h" />
    <ClInclude Include="engine\3d\SkyboxRenderer.h" />
    <ClInclude Include="engine\effects\primitive\Plane.h" />
    <ClInclude Include="engine\effects\primitive\Primitive.h" />
    <ClInclude Include="engine\effects\primitive\PrimitiveRenderer.h" />
    <ClInclude Include="game\player\Player.h" />
    <ClInclude Include="game\player\Reticle.h" />
    <ClInclude Include="game\player\PlayerBullet.h" />
    <ClInclude Include="game\player\PlayerBulletPool.h" />
    <ClInclude Include="game\camera\RailCameraController.h" />
    <ClInclude Include="game\camera\RailPath.h" />
    <ClInclude Include="game\camera\RailPathEditor.h" />
    <ClInclude Include="engine\json\JsonLoader.h" />
  </ItemGroup>
  <ItemGroup>
    <None Include="resources\shaders\object3d\Object3d.hlsli" />
    <None Include="resources\shaders\particle\Particle.hlsli" />
    <None Include="resources\shaders\primitive\Primitive.hlsli" />
    <None Include="resources\shaders\sprite\Sprite.hlsli" />
    <None Include="resources\shaders\skybox\Skybox.hlsli" />
  </ItemGroup>
  <ItemGroup>
    <Text Include="externals\imgui\LICENSE.txt" />
  </ItemGroup>
</Project>